
Microsoft Visual Studio Solution File, Format Version 12.00
# Visual Studio Version 17
VisualStudioVersion = 17.0.31919.166
MinimumVisualStudioVersion = 10.0.40219.1
Project("{9A19103F-16F7-4668-BE54-9A1E7A4F7556}") = "Day1", "Day1\Day1.csproj", "{B5C7A60A-109E-47B7-88D8-3B4A9FD11B0E}"
EndProject
Project("{9A19103F-16F7-4668-BE54-9A1E7A4F7556}") = "InputLogic", "InputLogic\InputLogic.csproj", "{D4C03341-DF21-4F2B-803A-19F27C425795}"
EndProject
Project("{9A19103F-16F7-4668-BE54-9A1E7A4F7556}") = "Day2", "Day2\Day2.csproj", "{4BA6E84C-1456-4135-99D0-4860F239F186}"
EndProject
Project("{9A19103F-16F7-4668-BE54-9A1E7A4F7556}") = "Day3", "Day3\Day3.csproj", "{89BF6115-1510-417B-82BC-332E6B84F048}"
EndProject
Project("{FAE04EC0-301F-11D3-BF4B-00C04F79EFBC}") = "Day4", "Day4\Day4.csproj", "{6819AC49-8552-40F1-9EC0-E97AEEA0D524}"
EndProject
Global
	GlobalSection(SolutionConfigurationPlatforms) = preSolution
		Debug|Any CPU = Debug|Any CPU
		Release|Any CPU = Release|Any CPU
	EndGlobalSection
	GlobalSection(ProjectConfigurationPlatforms) = postSolution
		{B5C7A60A-109E-47B7-88D8-3B4A9FD11B0E}.Debug|Any CPU.ActiveCfg = Debug|Any CPU
		{B5C7A60A-109E-47B7-88D8-3B4A9FD11B0E}.Debug|Any CPU.Build.0 = Debug|Any CPU
		{B5C7A60A-109E-47B7-88D8-3B4A9FD11B0E}.Release|Any CPU.ActiveCfg = Release|Any CPU
		{B5C7A60A-109E-47B7-88D8-3B4A9FD11B0E}.Release|Any CPU.Build.0 = Release|Any CPU
		{D4C03341-DF21-4F2B-803A-19F27C425795}.Debug|Any CPU.ActiveCfg = Debug|Any CPU
		{D4C03341-DF21-4F2B-803A-19F27C425795}.Debug|Any CPU.Build.0 = Debug|Any CPU
		{D4C03341-DF21-4F2B-803A-19F27C425795}.Release|Any CPU.ActiveCfg = Release|Any CPU
		{D4C03341-DF21-4F2B-803A-19F27C425795}.Release|Any CPU.Build.0 = Release|Any CPU
		{4BA6E84C-1456-4135-99D0-4860F239F186}.Debug|Any CPU.ActiveCfg = Debug|Any CPU
		{4BA6E84C-1456-4135-99D0-4860F239F186}.Debug|Any CPU.Build.0 = Debug|Any CPU
		{4BA6E84C-1456-4135-99D0-4860F239F186}.Release|Any CPU.ActiveCfg = Release|Any CPU
		{4BA6E84C-1456-4135-99D0-4860F239F186}.Release|Any CPU.Build.0 = Release|Any CPU
		{89BF6115-1510-417B-82BC-332E6B84F048}.Debug|Any CPU.ActiveCfg = Debug|Any CPU
		{89BF6115-1510-417B-82BC-332E6B84F048}.Debug|Any CPU.Build.0 = Debug|Any CPU
		{89BF6115-1510-417B-82BC-332E6B84F048}.Release|Any CPU.ActiveCfg = Release|Any CPU
		{89BF6115-1510-417B-82BC-332E6B84F048}.Release|Any CPU.Build.0 = Release|Any CPU
		{6819AC49-8552-40F1-9EC0-E97AEEA0D524}.Debug|Any CPU.ActiveCfg = Debug|Any CPU
		{6819AC49-8552-40F1-9EC0-E97AEEA0D524}.Debug|Any CPU.Build.0 = Debug|Any CPU
		{6819AC49-8552-40F1-9EC0-E97AEEA0D524}.Release|Any CPU.ActiveCfg = Release|Any CPU
		{6819AC49-8552-40F1-9EC0-E97AEEA0D524}.Release|Any CPU.Build.0 = Release|Any CPU
	EndGlobalSection
	GlobalSection(SolutionProperties) = preSolution
		HideSolutionNode = FALSE
	EndGlobalSection
	GlobalSection(ExtensibilityGlobals) = postSolution
		SolutionGuid = {9A19975E-692D-4FCF-AA0E-2FC8391B4A41}
	EndGlobalSection
EndGlobal
