
Microsoft Visual Studio Solution File, Format Version 12.00
# Visual Studio Version 17
VisualStudioVersion = 17.0.31919.166
MinimumVisualStudioVersion = 10.0.40219.1
Project("{9A19103F-16F7-4668-BE54-9A1E7A4F7556}") = "Day1", "Day1\Day1.csproj", "{B5C7A60A-109E-47B7-88D8-3B4A9FD11B0E}"
EndProject
Project("{9A19103F-16F7-4668-BE54-9A1E7A4F7556}") = "InputLogic", "InputLogic\InputLogic.csproj", "{D4C03341-DF21-4F2B-803A-19F27C425795}"
EndProject
Project("{9A19103F-16F7-4668-BE54-9A1E7A4F7556}") = "Day2", "Day2\Day2.csproj", "{4BA6E84C-1456-4135-99D0-4860F239F186}"
EndProject
Project("{9A19103F-16F7-4668-BE54-9A1E7A4F7556}") = "Day3", "Day3\Day3.csproj", "{89BF6115-1510-417B-82BC-332E6B84F048}"
EndProject
Project("{9A19103F-16F7-4668-BE54-9A1E7A4F7556}") = "Day4", "Day4\Day4.csproj", "{6819AC49-8552-40F1-9EC0-E97AEEA0D524}"
EndProject
Project("{9A19103F-16F7-4668-BE54-9A1E7A4F7556}") = "Day5", "Day5\Day5.csproj", "{E16AE3AF-AAF8-48D2-8BBA-AE0FBA19A1D4}"
EndProject
Project("{9A19103F-16F7-4668-BE54-9A1E7A4F7556}") = "Day6", "Day6\Day6.csproj", "{FEDA55E9-92D8-41AD-8B45-B21CBE6D79E9}"
EndProject
Project("{9A19103F-16F7-4668-BE54-9A1E7A4F7556}") = "Day7", "Day7\Day7.csproj", "{ABA3453F-D23A-46E5-8FFB-A2D18E07CE25}"
EndProject
Project("{9A19103F-16F7-4668-BE54-9A1E7A4F7556}") = "Day8", "Day8\Day8.csproj", "{06403FFB-8AD3-4341-9550-4D2A8A15C763}"
EndProject
Project("{9A19103F-16F7-4668-BE54-9A1E7A4F7556}") = "Day9", "Day9\Day9.csproj", "{FAEC3A93-E7CA-4283-A170-3C36F4E3CFBD}"
EndProject
Project("{9A19103F-16F7-4668-BE54-9A1E7A4F7556}") = "Day10", "Day10\Day10.csproj", "{1A5D7802-3737-42F9-9DE6-8F4A9768DBF2}"
EndProject
Project("{9A19103F-16F7-4668-BE54-9A1E7A4F7556}") = "Day11", "Day11\Day11.csproj", "{0273DCB8-D6C9-4099-B9EC-D1F68888335A}"
EndProject
Project("{9A19103F-16F7-4668-BE54-9A1E7A4F7556}") = "Day12", "Day12\Day12.csproj", "{B5DF1AEA-42B8-47D1-BAFD-6B5D469CEF25}"
EndProject
Project("{9A19103F-16F7-4668-BE54-9A1E7A4F7556}") = "Day13", "Day13\Day13.csproj", "{3F62A873-5B85-4DAE-8BE0-614620FA0D72}"
EndProject
Project("{9A19103F-16F7-4668-BE54-9A1E7A4F7556}") = "Day14", "Day14\Day14.csproj", "{99AAE10E-88E6-4B7C-AE37-F39668EBCCFE}"
EndProject
Project("{9A19103F-16F7-4668-BE54-9A1E7A4F7556}") = "Day15", "Day15\Day15.csproj", "{2FD0659D-0CB7-4E7D-AE9F-6C14D4AD24BC}"
EndProject
Project("{9A19103F-16F7-4668-BE54-9A1E7A4F7556}") = "Day16", "Day16\Day16.csproj", "{CFA8F87A-A3F5-4A4C-A4A9-428860B0838C}"
EndProject
Project("{9A19103F-16F7-4668-BE54-9A1E7A4F7556}") = "Day17", "Day17\Day17.csproj", "{74336BE0-7700-4302-805B-6DB5909A09E6}"
EndProject
Project("{9A19103F-16F7-4668-BE54-9A1E7A4F7556}") = "Benchmark", "Benchmark\Benchmark.csproj", "{8C3662B7-AF9A-41A4-8237-B23843600F30}"
EndProject
Project("{9A19103F-16F7-4668-BE54-9A1E7A4F7556}") = "Day18", "Day18\Day18.csproj", "{B11D64F7-830E-4D82-823B-AA26FF087BD8}"
EndProject
Project("{9A19103F-16F7-4668-BE54-9A1E7A4F7556}") = "Day19", "Day19\Day19.csproj", "{B7C946E6-0035-4327-9EFC-4F13508578BB}"
EndProject
Project("{FAE04EC0-301F-11D3-BF4B-00C04F79EFBC}") = "Day20", "Day20\Day20.csproj", "{B3AA1859-6531-400D-A482-8A89EC52F2D4}"
EndProject
Global
	GlobalSection(SolutionConfigurationPlatforms) = preSolution
		Debug|Any CPU = Debug|Any CPU
		Release|Any CPU = Release|Any CPU
	EndGlobalSection
	GlobalSection(ProjectConfigurationPlatforms) = postSolution
		{B5C7A60A-109E-47B7-88D8-3B4A9FD11B0E}.Debug|Any CPU.ActiveCfg = Debug|Any CPU
		{B5C7A60A-109E-47B7-88D8-3B4A9FD11B0E}.Debug|Any CPU.Build.0 = Debug|Any CPU
		{B5C7A60A-109E-47B7-88D8-3B4A9FD11B0E}.Release|Any CPU.ActiveCfg = Release|Any CPU
		{B5C7A60A-109E-47B7-88D8-3B4A9FD11B0E}.Release|Any CPU.Build.0 = Release|Any CPU
		{D4C03341-DF21-4F2B-803A-19F27C425795}.Debug|Any CPU.ActiveCfg = Debug|Any CPU
		{D4C03341-DF21-4F2B-803A-19F27C425795}.Debug|Any CPU.Build.0 = Debug|Any CPU
		{D4C03341-DF21-4F2B-803A-19F27C425795}.Release|Any CPU.ActiveCfg = Release|Any CPU
		{D4C03341-DF21-4F2B-803A-19F27C425795}.Release|Any CPU.Build.0 = Release|Any CPU
		{4BA6E84C-1456-4135-99D0-4860F239F186}.Debug|Any CPU.ActiveCfg = Debug|Any CPU
		{4BA6E84C-1456-4135-99D0-4860F239F186}.Debug|Any CPU.Build.0 = Debug|Any CPU
		{4BA6E84C-1456-4135-99D0-4860F239F186}.Release|Any CPU.ActiveCfg = Release|Any CPU
		{4BA6E84C-1456-4135-99D0-4860F239F186}.Release|Any CPU.Build.0 = Release|Any CPU
		{89BF6115-1510-417B-82BC-332E6B84F048}.Debug|Any CPU.ActiveCfg = Debug|Any CPU
		{89BF6115-1510-417B-82BC-332E6B84F048}.Debug|Any CPU.Build.0 = Debug|Any CPU
		{89BF6115-1510-417B-82BC-332E6B84F048}.Release|Any CPU.ActiveCfg = Release|Any CPU
		{89BF6115-1510-417B-82BC-332E6B84F048}.Release|Any CPU.Build.0 = Release|Any CPU
		{6819AC49-8552-40F1-9EC0-E97AEEA0D524}.Debug|Any CPU.ActiveCfg = Debug|Any CPU
		{6819AC49-8552-40F1-9EC0-E97AEEA0D524}.Debug|Any CPU.Build.0 = Debug|Any CPU
		{6819AC49-8552-40F1-9EC0-E97AEEA0D524}.Release|Any CPU.ActiveCfg = Release|Any CPU
		{6819AC49-8552-40F1-9EC0-E97AEEA0D524}.Release|Any CPU.Build.0 = Release|Any CPU
		{E16AE3AF-AAF8-48D2-8BBA-AE0FBA19A1D4}.Debug|Any CPU.ActiveCfg = Debug|Any CPU
		{E16AE3AF-AAF8-48D2-8BBA-AE0FBA19A1D4}.Debug|Any CPU.Build.0 = Debug|Any CPU
		{E16AE3AF-AAF8-48D2-8BBA-AE0FBA19A1D4}.Release|Any CPU.ActiveCfg = Release|Any CPU
		{E16AE3AF-AAF8-48D2-8BBA-AE0FBA19A1D4}.Release|Any CPU.Build.0 = Release|Any CPU
		{FEDA55E9-92D8-41AD-8B45-B21CBE6D79E9}.Debug|Any CPU.ActiveCfg = Debug|Any CPU
		{FEDA55E9-92D8-41AD-8B45-B21CBE6D79E9}.Debug|Any CPU.Build.0 = Debug|Any CPU
		{FEDA55E9-92D8-41AD-8B45-B21CBE6D79E9}.Release|Any CPU.ActiveCfg = Release|Any CPU
		{FEDA55E9-92D8-41AD-8B45-B21CBE6D79E9}.Release|Any CPU.Build.0 = Release|Any CPU
		{ABA3453F-D23A-46E5-8FFB-A2D18E07CE25}.Debug|Any CPU.ActiveCfg = Debug|Any CPU
		{ABA3453F-D23A-46E5-8FFB-A2D18E07CE25}.Debug|Any CPU.Build.0 = Debug|Any CPU
		{ABA3453F-D23A-46E5-8FFB-A2D18E07CE25}.Release|Any CPU.ActiveCfg = Release|Any CPU
		{ABA3453F-D23A-46E5-8FFB-A2D18E07CE25}.Release|Any CPU.Build.0 = Release|Any CPU
		{06403FFB-8AD3-4341-9550-4D2A8A15C763}.Debug|Any CPU.ActiveCfg = Debug|Any CPU
		{06403FFB-8AD3-4341-9550-4D2A8A15C763}.Debug|Any CPU.Build.0 = Debug|Any CPU
		{06403FFB-8AD3-4341-9550-4D2A8A15C763}.Release|Any CPU.ActiveCfg = Release|Any CPU
		{06403FFB-8AD3-4341-9550-4D2A8A15C763}.Release|Any CPU.Build.0 = Release|Any CPU
		{FAEC3A93-E7CA-4283-A170-3C36F4E3CFBD}.Debug|Any CPU.ActiveCfg = Debug|Any CPU
		{FAEC3A93-E7CA-4283-A170-3C36F4E3CFBD}.Debug|Any CPU.Build.0 = Debug|Any CPU
		{FAEC3A93-E7CA-4283-A170-3C36F4E3CFBD}.Release|Any CPU.ActiveCfg = Release|Any CPU
		{FAEC3A93-E7CA-4283-A170-3C36F4E3CFBD}.Release|Any CPU.Build.0 = Release|Any CPU
		{1A5D7802-3737-42F9-9DE6-8F4A9768DBF2}.Debug|Any CPU.ActiveCfg = Debug|Any CPU
		{1A5D7802-3737-42F9-9DE6-8F4A9768DBF2}.Debug|Any CPU.Build.0 = Debug|Any CPU
		{1A5D7802-3737-42F9-9DE6-8F4A9768DBF2}.Release|Any CPU.ActiveCfg = Release|Any CPU
		{1A5D7802-3737-42F9-9DE6-8F4A9768DBF2}.Release|Any CPU.Build.0 = Release|Any CPU
		{0273DCB8-D6C9-4099-B9EC-D1F68888335A}.Debug|Any CPU.ActiveCfg = Debug|Any CPU
		{0273DCB8-D6C9-4099-B9EC-D1F68888335A}.Debug|Any CPU.Build.0 = Debug|Any CPU
		{0273DCB8-D6C9-4099-B9EC-D1F68888335A}.Release|Any CPU.ActiveCfg = Release|Any CPU
		{0273DCB8-D6C9-4099-B9EC-D1F68888335A}.Release|Any CPU.Build.0 = Release|Any CPU
		{B5DF1AEA-42B8-47D1-BAFD-6B5D469CEF25}.Debug|Any CPU.ActiveCfg = Debug|Any CPU
		{B5DF1AEA-42B8-47D1-BAFD-6B5D469CEF25}.Debug|Any CPU.Build.0 = Debug|Any CPU
		{B5DF1AEA-42B8-47D1-BAFD-6B5D469CEF25}.Release|Any CPU.ActiveCfg = Release|Any CPU
		{B5DF1AEA-42B8-47D1-BAFD-6B5D469CEF25}.Release|Any CPU.Build.0 = Release|Any CPU
		{3F62A873-5B85-4DAE-8BE0-614620FA0D72}.Debug|Any CPU.ActiveCfg = Debug|Any CPU
		{3F62A873-5B85-4DAE-8BE0-614620FA0D72}.Debug|Any CPU.Build.0 = Debug|Any CPU
		{3F62A873-5B85-4DAE-8BE0-614620FA0D72}.Release|Any CPU.ActiveCfg = Release|Any CPU
		{3F62A873-5B85-4DAE-8BE0-614620FA0D72}.Release|Any CPU.Build.0 = Release|Any CPU
		{99AAE10E-88E6-4B7C-AE37-F39668EBCCFE}.Debug|Any CPU.ActiveCfg = Debug|Any CPU
		{99AAE10E-88E6-4B7C-AE37-F39668EBCCFE}.Debug|Any CPU.Build.0 = Debug|Any CPU
		{99AAE10E-88E6-4B7C-AE37-F39668EBCCFE}.Release|Any CPU.ActiveCfg = Release|Any CPU
		{99AAE10E-88E6-4B7C-AE37-F39668EBCCFE}.Release|Any CPU.Build.0 = Release|Any CPU
		{2FD0659D-0CB7-4E7D-AE9F-6C14D4AD24BC}.Debug|Any CPU.ActiveCfg = Debug|Any CPU
		{2FD0659D-0CB7-4E7D-AE9F-6C14D4AD24BC}.Debug|Any CPU.Build.0 = Debug|Any CPU
		{2FD0659D-0CB7-4E7D-AE9F-6C14D4AD24BC}.Release|Any CPU.ActiveCfg = Release|Any CPU
		{2FD0659D-0CB7-4E7D-AE9F-6C14D4AD24BC}.Release|Any CPU.Build.0 = Release|Any CPU
		{CFA8F87A-A3F5-4A4C-A4A9-428860B0838C}.Debug|Any CPU.ActiveCfg = Debug|Any CPU
		{CFA8F87A-A3F5-4A4C-A4A9-428860B0838C}.Debug|Any CPU.Build.0 = Debug|Any CPU
		{CFA8F87A-A3F5-4A4C-A4A9-428860B0838C}.Release|Any CPU.ActiveCfg = Release|Any CPU
		{CFA8F87A-A3F5-4A4C-A4A9-428860B0838C}.Release|Any CPU.Build.0 = Release|Any CPU
		{74336BE0-7700-4302-805B-6DB5909A09E6}.Debug|Any CPU.ActiveCfg = Debug|Any CPU
		{74336BE0-7700-4302-805B-6DB5909A09E6}.Debug|Any CPU.Build.0 = Debug|Any CPU
		{74336BE0-7700-4302-805B-6DB5909A09E6}.Release|Any CPU.ActiveCfg = Release|Any CPU
		{74336BE0-7700-4302-805B-6DB5909A09E6}.Release|Any CPU.Build.0 = Release|Any CPU
		{8C3662B7-AF9A-41A4-8237-B23843600F30}.Debug|Any CPU.ActiveCfg = Debug|Any CPU
		{8C3662B7-AF9A-41A4-8237-B23843600F30}.Debug|Any CPU.Build.0 = Debug|Any CPU
		{8C3662B7-AF9A-41A4-8237-B23843600F30}.Release|Any CPU.ActiveCfg = Release|Any CPU
		{8C3662B7-AF9A-41A4-8237-B23843600F30}.Release|Any CPU.Build.0 = Release|Any CPU
		{B11D64F7-830E-4D82-823B-AA26FF087BD8}.Debug|Any CPU.ActiveCfg = Debug|Any CPU
		{B11D64F7-830E-4D82-823B-AA26FF087BD8}.Debug|Any CPU.Build.0 = Debug|Any CPU
		{B11D64F7-830E-4D82-823B-AA26FF087BD8}.Release|Any CPU.ActiveCfg = Release|Any CPU
		{B11D64F7-830E-4D82-823B-AA26FF087BD8}.Release|Any CPU.Build.0 = Release|Any CPU
		{B7C946E6-0035-4327-9EFC-4F13508578BB}.Debug|Any CPU.ActiveCfg = Debug|Any CPU
		{B7C946E6-0035-4327-9EFC-4F13508578BB}.Debug|Any CPU.Build.0 = Debug|Any CPU
		{B7C946E6-0035-4327-9EFC-4F13508578BB}.Release|Any CPU.ActiveCfg = Release|Any CPU
		{B7C946E6-0035-4327-9EFC-4F13508578BB}.Release|Any CPU.Build.0 = Release|Any CPU
		{B3AA1859-6531-400D-A482-8A89EC52F2D4}.Debug|Any CPU.ActiveCfg = Debug|Any CPU
		{B3AA1859-6531-400D-A482-8A89EC52F2D4}.Debug|Any CPU.Build.0 = Debug|Any CPU
		{B3AA1859-6531-400D-A482-8A89EC52F2D4}.Release|Any CPU.ActiveCfg = Release|Any CPU
		{B3AA1859-6531-400D-A482-8A89EC52F2D4}.Release|Any CPU.Build.0 = Release|Any CPU
	EndGlobalSection
	GlobalSection(SolutionProperties) = preSolution
		HideSolutionNode = FALSE
	EndGlobalSection
	GlobalSection(ExtensibilityGlobals) = postSolution
		SolutionGuid = {9A19975E-692D-4FCF-AA0E-2FC8391B4A41}
	EndGlobalSection
EndGlobal
